
Microsoft Visual Studio Solution File, Format Version 12.00
# Visual Studio Version 17
VisualStudioVersion = 17.2.32519.379
MinimumVisualStudioVersion = 10.0.40219.1
Project("{2150E333-8FDC-42A3-9474-1A3956D46DE8}") = "src", "src", "{7ECAF7AF-4778-406B-A12C-099565F9A06D}"
EndProject
Project("{2150E333-8FDC-42A3-9474-1A3956D46DE8}") = "Modules", "Modules", "{8FD75B8B-C4F7-42AE-B090-409497FE572D}"
EndProject
Project("{2150E333-8FDC-42A3-9474-1A3956D46DE8}") = "Framework", "Framework", "{6E9E06DF-3DA9-4EBB-92C0-06A044605B4E}"
EndProject
Project("{2150E333-8FDC-42A3-9474-1A3956D46DE8}") = "Presentation", "Presentation", "{3CCC9583-ED4C-4996-87CE-E6E4A07F9FD1}"
EndProject
Project("{9A19103F-16F7-4668-BE54-9A1E7A4F7556}") = "MonifiBackend.Data", "src\Framework\MonifiBackend.Data\MonifiBackend.Data.csproj", "{A9565BC6-A89E-43CC-AE99-F378937C6EC2}"
EndProject
Project("{2150E333-8FDC-42A3-9474-1A3956D46DE8}") = "UserModule", "UserModule", "{FFDDFC3A-A2D2-4416-9B02-ED1DF6626AFD}"
EndProject
Project("{9A19103F-16F7-4668-BE54-9A1E7A4F7556}") = "MonifiBackend.API", "src\Presentation\MonifiBackend.API\MonifiBackend.API.csproj", "{68F8E4DA-84F2-4A0D-BE26-B3D335C2FBB2}"
EndProject
Project("{2150E333-8FDC-42A3-9474-1A3956D46DE8}") = "Tests", "Tests", "{CC2CA486-F9E2-40D9-B23C-6D4EF3FF0344}"
EndProject
Project("{9A19103F-16F7-4668-BE54-9A1E7A4F7556}") = "MonifiBackend.UserModule.UnitTests", "src\Modules\UserModule\Tests\MonifiBackend.UserModule.UnitTests\MonifiBackend.UserModule.UnitTests.csproj", "{6C1FB50E-142E-4C15-B908-881FFF70F8E8}"
EndProject
Project("{9A19103F-16F7-4668-BE54-9A1E7A4F7556}") = "MonifiBackend.UserModule.ArchTests", "src\Modules\UserModule\Tests\MonifiBackend.UserModule.ArchTests\MonifiBackend.UserModule.ArchTests.csproj", "{722658B6-CF46-4568-BFD8-E47F92DE1343}"
EndProject
Project("{9A19103F-16F7-4668-BE54-9A1E7A4F7556}") = "MonifiBackend.UserModule.Application", "src\Modules\UserModule\MonifiBackend.UserModule.Application\MonifiBackend.UserModule.Application.csproj", "{E928E4BD-17D0-424B-80DA-E7B93751B9D8}"
EndProject
Project("{9A19103F-16F7-4668-BE54-9A1E7A4F7556}") = "MonifiBackend.UserModule.Domain", "src\Modules\UserModule\MonifiBackend.UserModule.Domain\MonifiBackend.UserModule.Domain.csproj", "{833F4D3C-76AB-44CE-BE43-0FDDAC6EC4C9}"
EndProject
Project("{9A19103F-16F7-4668-BE54-9A1E7A4F7556}") = "MonifiBackend.UserModule.Infrastructure", "src\Modules\UserModule\MonifiBackend.UserModule.Infrastructure\MonifiBackend.UserModule.Infrastructure.csproj", "{3427FC1E-739F-4835-A878-4CE400F6CCFD}"
EndProject
Project("{2150E333-8FDC-42A3-9474-1A3956D46DE8}") = "Core", "Core", "{BD70BBDD-75A1-4FD0-B7AD-548C0C9D1AB5}"
EndProject
Project("{9A19103F-16F7-4668-BE54-9A1E7A4F7556}") = "MonifiBackend.Core.Application", "src\Modules\Core\MonifiBackend.Core.Application\MonifiBackend.Core.Application.csproj", "{737481CB-66A4-4479-A7AF-42E74706933D}"
EndProject
Project("{9A19103F-16F7-4668-BE54-9A1E7A4F7556}") = "MonifiBackend.Core.Domain", "src\Modules\Core\MonifiBackend.Core.Domain\MonifiBackend.Core.Domain.csproj", "{4576A20B-7310-451D-8F5E-4D0F49F73BA8}"
EndProject
Project("{9A19103F-16F7-4668-BE54-9A1E7A4F7556}") = "MonifiBackend.Core.Infrastructure", "src\Modules\Core\MonifiBackend.Core.Infrastructure\MonifiBackend.Core.Infrastructure.csproj", "{3778F2A5-4CCF-4EEA-8BBE-1CF3F93559C4}"
EndProject
Project("{2150E333-8FDC-42A3-9474-1A3956D46DE8}") = "Tests", "Tests", "{713681F0-2B8C-4AEF-92C6-09D4B9E7391C}"
EndProject
Project("{9A19103F-16F7-4668-BE54-9A1E7A4F7556}") = "MonifiBackend.Core.UnitTests", "src\Modules\Core\Tests\MonifiBackend.Core.UnitTests\MonifiBackend.Core.UnitTests.csproj", "{729B1FD9-C71A-41A0-901A-97A2BD46269F}"
EndProject
Project("{2150E333-8FDC-42A3-9474-1A3956D46DE8}") = "PackageModule", "PackageModule", "{F2A0DB14-CC0A-459E-A83B-9268D345D144}"
EndProject
Project("{2150E333-8FDC-42A3-9474-1A3956D46DE8}") = "Tests", "Tests", "{D193D60F-8927-443D-84F9-6704DD4540A2}"
EndProject
Project("{9A19103F-16F7-4668-BE54-9A1E7A4F7556}") = "MonifiBackend.PackageModule.Application", "src\Modules\PackageModule\MonifiBackend.PackageModule.Application\MonifiBackend.PackageModule.Application.csproj", "{6CE844DC-09EE-4684-BAAF-E48E619D2C3F}"
EndProject
Project("{9A19103F-16F7-4668-BE54-9A1E7A4F7556}") = "MonifiBackend.PackageModule.Domain", "src\Modules\PackageModule\MonifiBackend.PackageModule.Domain\MonifiBackend.PackageModule.Domain.csproj", "{8F788A61-EE65-4E37-AB43-AFCD9C194CB9}"
EndProject
Project("{9A19103F-16F7-4668-BE54-9A1E7A4F7556}") = "MonifiBackend.PackageModule.Infrastructure", "src\Modules\PackageModule\MonifiBackend.PackageModule.Infrastructure\MonifiBackend.PackageModule.Infrastructure.csproj", "{B2707CF9-315D-4F99-B91E-DDEBEAD880DD}"
EndProject
Project("{2150E333-8FDC-42A3-9474-1A3956D46DE8}") = "WalletModule", "WalletModule", "{F0E8CDEF-DD5E-4779-9097-05E5EABF6966}"
EndProject
Project("{9A19103F-16F7-4668-BE54-9A1E7A4F7556}") = "MonifiBackend.WalletModule.Application", "src\Modules\WalletModule\MonifiBackend.WalletModule.Application\MonifiBackend.WalletModule.Application.csproj", "{E104A699-803A-4930-A635-2CB3D6BCC216}"
EndProject
Project("{9A19103F-16F7-4668-BE54-9A1E7A4F7556}") = "MonifiBackend.WalletModule.Domain", "src\Modules\WalletModule\MonifiBackend.WalletModule.Domain\MonifiBackend.WalletModule.Domain.csproj", "{541CF663-A4B2-4DCB-A51F-0FB4C8368360}"
EndProject
Project("{9A19103F-16F7-4668-BE54-9A1E7A4F7556}") = "MonifiBackend.WalletModule.Infrastructure", "src\Modules\WalletModule\MonifiBackend.WalletModule.Infrastructure\MonifiBackend.WalletModule.Infrastructure.csproj", "{40162041-D5FC-42CD-92CA-8731A9B5EF74}"
EndProject
Project("{2150E333-8FDC-42A3-9474-1A3956D46DE8}") = "Tests", "Tests", "{0AFC1B6A-D8CE-4121-BA90-66E064FD8C70}"
EndProject
Project("{9A19103F-16F7-4668-BE54-9A1E7A4F7556}") = "MonifiBackend.WalletModule.ArchTests", "src\Modules\WalletModule\Tests\MonifiBackend.WalletModule.ArchTests\MonifiBackend.WalletModule.ArchTests.csproj", "{882E3746-AD80-4149-81D7-AA46D929DCE2}"
EndProject
Project("{9A19103F-16F7-4668-BE54-9A1E7A4F7556}") = "MonifiBackend.WalletModule.UnitTests", "src\Modules\WalletModule\Tests\MonifiBackend.WalletModule.UnitTests\MonifiBackend.WalletModule.UnitTests.csproj", "{1BA42951-1010-4D05-8B08-F39B16898269}"
EndProject
Global
	GlobalSection(SolutionConfigurationPlatforms) = preSolution
		Debug|Any CPU = Debug|Any CPU
		Release|Any CPU = Release|Any CPU
	EndGlobalSection
	GlobalSection(ProjectConfigurationPlatforms) = postSolution
		{A9565BC6-A89E-43CC-AE99-F378937C6EC2}.Debug|Any CPU.ActiveCfg = Debug|Any CPU
		{A9565BC6-A89E-43CC-AE99-F378937C6EC2}.Debug|Any CPU.Build.0 = Debug|Any CPU
		{A9565BC6-A89E-43CC-AE99-F378937C6EC2}.Release|Any CPU.ActiveCfg = Release|Any CPU
		{A9565BC6-A89E-43CC-AE99-F378937C6EC2}.Release|Any CPU.Build.0 = Release|Any CPU
		{68F8E4DA-84F2-4A0D-BE26-B3D335C2FBB2}.Debug|Any CPU.ActiveCfg = Debug|Any CPU
		{68F8E4DA-84F2-4A0D-BE26-B3D335C2FBB2}.Debug|Any CPU.Build.0 = Debug|Any CPU
		{68F8E4DA-84F2-4A0D-BE26-B3D335C2FBB2}.Release|Any CPU.ActiveCfg = Release|Any CPU
		{68F8E4DA-84F2-4A0D-BE26-B3D335C2FBB2}.Release|Any CPU.Build.0 = Release|Any CPU
		{6C1FB50E-142E-4C15-B908-881FFF70F8E8}.Debug|Any CPU.ActiveCfg = Debug|Any CPU
		{6C1FB50E-142E-4C15-B908-881FFF70F8E8}.Debug|Any CPU.Build.0 = Debug|Any CPU
		{6C1FB50E-142E-4C15-B908-881FFF70F8E8}.Release|Any CPU.ActiveCfg = Release|Any CPU
		{6C1FB50E-142E-4C15-B908-881FFF70F8E8}.Release|Any CPU.Build.0 = Release|Any CPU
		{722658B6-CF46-4568-BFD8-E47F92DE1343}.Debug|Any CPU.ActiveCfg = Debug|Any CPU
		{722658B6-CF46-4568-BFD8-E47F92DE1343}.Debug|Any CPU.Build.0 = Debug|Any CPU
		{722658B6-CF46-4568-BFD8-E47F92DE1343}.Release|Any CPU.ActiveCfg = Release|Any CPU
		{722658B6-CF46-4568-BFD8-E47F92DE1343}.Release|Any CPU.Build.0 = Release|Any CPU
		{E928E4BD-17D0-424B-80DA-E7B93751B9D8}.Debug|Any CPU.ActiveCfg = Debug|Any CPU
		{E928E4BD-17D0-424B-80DA-E7B93751B9D8}.Debug|Any CPU.Build.0 = Debug|Any CPU
		{E928E4BD-17D0-424B-80DA-E7B93751B9D8}.Release|Any CPU.ActiveCfg = Release|Any CPU
		{E928E4BD-17D0-424B-80DA-E7B93751B9D8}.Release|Any CPU.Build.0 = Release|Any CPU
		{833F4D3C-76AB-44CE-BE43-0FDDAC6EC4C9}.Debug|Any CPU.ActiveCfg = Debug|Any CPU
		{833F4D3C-76AB-44CE-BE43-0FDDAC6EC4C9}.Debug|Any CPU.Build.0 = Debug|Any CPU
		{833F4D3C-76AB-44CE-BE43-0FDDAC6EC4C9}.Release|Any CPU.ActiveCfg = Release|Any CPU
		{833F4D3C-76AB-44CE-BE43-0FDDAC6EC4C9}.Release|Any CPU.Build.0 = Release|Any CPU
		{3427FC1E-739F-4835-A878-4CE400F6CCFD}.Debug|Any CPU.ActiveCfg = Debug|Any CPU
		{3427FC1E-739F-4835-A878-4CE400F6CCFD}.Debug|Any CPU.Build.0 = Debug|Any CPU
		{3427FC1E-739F-4835-A878-4CE400F6CCFD}.Release|Any CPU.ActiveCfg = Release|Any CPU
		{3427FC1E-739F-4835-A878-4CE400F6CCFD}.Release|Any CPU.Build.0 = Release|Any CPU
		{737481CB-66A4-4479-A7AF-42E74706933D}.Debug|Any CPU.ActiveCfg = Debug|Any CPU
		{737481CB-66A4-4479-A7AF-42E74706933D}.Debug|Any CPU.Build.0 = Debug|Any CPU
		{737481CB-66A4-4479-A7AF-42E74706933D}.Release|Any CPU.ActiveCfg = Release|Any CPU
		{737481CB-66A4-4479-A7AF-42E74706933D}.Release|Any CPU.Build.0 = Release|Any CPU
		{4576A20B-7310-451D-8F5E-4D0F49F73BA8}.Debug|Any CPU.ActiveCfg = Debug|Any CPU
		{4576A20B-7310-451D-8F5E-4D0F49F73BA8}.Debug|Any CPU.Build.0 = Debug|Any CPU
		{4576A20B-7310-451D-8F5E-4D0F49F73BA8}.Release|Any CPU.ActiveCfg = Release|Any CPU
		{4576A20B-7310-451D-8F5E-4D0F49F73BA8}.Release|Any CPU.Build.0 = Release|Any CPU
		{3778F2A5-4CCF-4EEA-8BBE-1CF3F93559C4}.Debug|Any CPU.ActiveCfg = Debug|Any CPU
		{3778F2A5-4CCF-4EEA-8BBE-1CF3F93559C4}.Debug|Any CPU.Build.0 = Debug|Any CPU
		{3778F2A5-4CCF-4EEA-8BBE-1CF3F93559C4}.Release|Any CPU.ActiveCfg = Release|Any CPU
		{3778F2A5-4CCF-4EEA-8BBE-1CF3F93559C4}.Release|Any CPU.Build.0 = Release|Any CPU
		{729B1FD9-C71A-41A0-901A-97A2BD46269F}.Debug|Any CPU.ActiveCfg = Debug|Any CPU
		{729B1FD9-C71A-41A0-901A-97A2BD46269F}.Debug|Any CPU.Build.0 = Debug|Any CPU
		{729B1FD9-C71A-41A0-901A-97A2BD46269F}.Release|Any CPU.ActiveCfg = Release|Any CPU
		{729B1FD9-C71A-41A0-901A-97A2BD46269F}.Release|Any CPU.Build.0 = Release|Any CPU
		{6CE844DC-09EE-4684-BAAF-E48E619D2C3F}.Debug|Any CPU.ActiveCfg = Debug|Any CPU
		{6CE844DC-09EE-4684-BAAF-E48E619D2C3F}.Debug|Any CPU.Build.0 = Debug|Any CPU
		{6CE844DC-09EE-4684-BAAF-E48E619D2C3F}.Release|Any CPU.ActiveCfg = Release|Any CPU
		{6CE844DC-09EE-4684-BAAF-E48E619D2C3F}.Release|Any CPU.Build.0 = Release|Any CPU
		{8F788A61-EE65-4E37-AB43-AFCD9C194CB9}.Debug|Any CPU.ActiveCfg = Debug|Any CPU
		{8F788A61-EE65-4E37-AB43-AFCD9C194CB9}.Debug|Any CPU.Build.0 = Debug|Any CPU
		{8F788A61-EE65-4E37-AB43-AFCD9C194CB9}.Release|Any CPU.ActiveCfg = Release|Any CPU
		{8F788A61-EE65-4E37-AB43-AFCD9C194CB9}.Release|Any CPU.Build.0 = Release|Any CPU
		{B2707CF9-315D-4F99-B91E-DDEBEAD880DD}.Debug|Any CPU.ActiveCfg = Debug|Any CPU
		{B2707CF9-315D-4F99-B91E-DDEBEAD880DD}.Debug|Any CPU.Build.0 = Debug|Any CPU
		{B2707CF9-315D-4F99-B91E-DDEBEAD880DD}.Release|Any CPU.ActiveCfg = Release|Any CPU
		{B2707CF9-315D-4F99-B91E-DDEBEAD880DD}.Release|Any CPU.Build.0 = Release|Any CPU
		{E104A699-803A-4930-A635-2CB3D6BCC216}.Debug|Any CPU.ActiveCfg = Debug|Any CPU
		{E104A699-803A-4930-A635-2CB3D6BCC216}.Debug|Any CPU.Build.0 = Debug|Any CPU
		{E104A699-803A-4930-A635-2CB3D6BCC216}.Release|Any CPU.ActiveCfg = Release|Any CPU
		{E104A699-803A-4930-A635-2CB3D6BCC216}.Release|Any CPU.Build.0 = Release|Any CPU
		{541CF663-A4B2-4DCB-A51F-0FB4C8368360}.Debug|Any CPU.ActiveCfg = Debug|Any CPU
		{541CF663-A4B2-4DCB-A51F-0FB4C8368360}.Debug|Any CPU.Build.0 = Debug|Any CPU
		{541CF663-A4B2-4DCB-A51F-0FB4C8368360}.Release|Any CPU.ActiveCfg = Release|Any CPU
		{541CF663-A4B2-4DCB-A51F-0FB4C8368360}.Release|Any CPU.Build.0 = Release|Any CPU
		{40162041-D5FC-42CD-92CA-8731A9B5EF74}.Debug|Any CPU.ActiveCfg = Debug|Any CPU
		{40162041-D5FC-42CD-92CA-8731A9B5EF74}.Debug|Any CPU.Build.0 = Debug|Any CPU
		{40162041-D5FC-42CD-92CA-8731A9B5EF74}.Release|Any CPU.ActiveCfg = Release|Any CPU
		{40162041-D5FC-42CD-92CA-8731A9B5EF74}.Release|Any CPU.Build.0 = Release|Any CPU
		{882E3746-AD80-4149-81D7-AA46D929DCE2}.Debug|Any CPU.ActiveCfg = Debug|Any CPU
		{882E3746-AD80-4149-81D7-AA46D929DCE2}.Debug|Any CPU.Build.0 = Debug|Any CPU
		{882E3746-AD80-4149-81D7-AA46D929DCE2}.Release|Any CPU.ActiveCfg = Release|Any CPU
		{882E3746-AD80-4149-81D7-AA46D929DCE2}.Release|Any CPU.Build.0 = Release|Any CPU
		{1BA42951-1010-4D05-8B08-F39B16898269}.Debug|Any CPU.ActiveCfg = Debug|Any CPU
		{1BA42951-1010-4D05-8B08-F39B16898269}.Debug|Any CPU.Build.0 = Debug|Any CPU
		{1BA42951-1010-4D05-8B08-F39B16898269}.Release|Any CPU.ActiveCfg = Release|Any CPU
		{1BA42951-1010-4D05-8B08-F39B16898269}.Release|Any CPU.Build.0 = Release|Any CPU
	EndGlobalSection
	GlobalSection(SolutionProperties) = preSolution
		HideSolutionNode = FALSE
	EndGlobalSection
	GlobalSection(NestedProjects) = preSolution
		{8FD75B8B-C4F7-42AE-B090-409497FE572D} = {7ECAF7AF-4778-406B-A12C-099565F9A06D}
		{6E9E06DF-3DA9-4EBB-92C0-06A044605B4E} = {7ECAF7AF-4778-406B-A12C-099565F9A06D}
		{3CCC9583-ED4C-4996-87CE-E6E4A07F9FD1} = {7ECAF7AF-4778-406B-A12C-099565F9A06D}
		{A9565BC6-A89E-43CC-AE99-F378937C6EC2} = {6E9E06DF-3DA9-4EBB-92C0-06A044605B4E}
		{FFDDFC3A-A2D2-4416-9B02-ED1DF6626AFD} = {8FD75B8B-C4F7-42AE-B090-409497FE572D}
		{68F8E4DA-84F2-4A0D-BE26-B3D335C2FBB2} = {3CCC9583-ED4C-4996-87CE-E6E4A07F9FD1}
		{CC2CA486-F9E2-40D9-B23C-6D4EF3FF0344} = {FFDDFC3A-A2D2-4416-9B02-ED1DF6626AFD}
		{6C1FB50E-142E-4C15-B908-881FFF70F8E8} = {CC2CA486-F9E2-40D9-B23C-6D4EF3FF0344}
		{722658B6-CF46-4568-BFD8-E47F92DE1343} = {CC2CA486-F9E2-40D9-B23C-6D4EF3FF0344}
		{E928E4BD-17D0-424B-80DA-E7B93751B9D8} = {FFDDFC3A-A2D2-4416-9B02-ED1DF6626AFD}
		{833F4D3C-76AB-44CE-BE43-0FDDAC6EC4C9} = {FFDDFC3A-A2D2-4416-9B02-ED1DF6626AFD}
		{3427FC1E-739F-4835-A878-4CE400F6CCFD} = {FFDDFC3A-A2D2-4416-9B02-ED1DF6626AFD}
		{BD70BBDD-75A1-4FD0-B7AD-548C0C9D1AB5} = {8FD75B8B-C4F7-42AE-B090-409497FE572D}
		{737481CB-66A4-4479-A7AF-42E74706933D} = {BD70BBDD-75A1-4FD0-B7AD-548C0C9D1AB5}
		{4576A20B-7310-451D-8F5E-4D0F49F73BA8} = {BD70BBDD-75A1-4FD0-B7AD-548C0C9D1AB5}
		{3778F2A5-4CCF-4EEA-8BBE-1CF3F93559C4} = {BD70BBDD-75A1-4FD0-B7AD-548C0C9D1AB5}
		{713681F0-2B8C-4AEF-92C6-09D4B9E7391C} = {BD70BBDD-75A1-4FD0-B7AD-548C0C9D1AB5}
		{729B1FD9-C71A-41A0-901A-97A2BD46269F} = {713681F0-2B8C-4AEF-92C6-09D4B9E7391C}
		{F2A0DB14-CC0A-459E-A83B-9268D345D144} = {8FD75B8B-C4F7-42AE-B090-409497FE572D}
		{D193D60F-8927-443D-84F9-6704DD4540A2} = {F2A0DB14-CC0A-459E-A83B-9268D345D144}
		{6CE844DC-09EE-4684-BAAF-E48E619D2C3F} = {F2A0DB14-CC0A-459E-A83B-9268D345D144}
		{8F788A61-EE65-4E37-AB43-AFCD9C194CB9} = {F2A0DB14-CC0A-459E-A83B-9268D345D144}
		{B2707CF9-315D-4F99-B91E-DDEBEAD880DD} = {F2A0DB14-CC0A-459E-A83B-9268D345D144}
		{F0E8CDEF-DD5E-4779-9097-05E5EABF6966} = {8FD75B8B-C4F7-42AE-B090-409497FE572D}
		{E104A699-803A-4930-A635-2CB3D6BCC216} = {F0E8CDEF-DD5E-4779-9097-05E5EABF6966}
		{541CF663-A4B2-4DCB-A51F-0FB4C8368360} = {F0E8CDEF-DD5E-4779-9097-05E5EABF6966}
		{40162041-D5FC-42CD-92CA-8731A9B5EF74} = {F0E8CDEF-DD5E-4779-9097-05E5EABF6966}
		{0AFC1B6A-D8CE-4121-BA90-66E064FD8C70} = {F0E8CDEF-DD5E-4779-9097-05E5EABF6966}
		{882E3746-AD80-4149-81D7-AA46D929DCE2} = {0AFC1B6A-D8CE-4121-BA90-66E064FD8C70}
		{1BA42951-1010-4D05-8B08-F39B16898269} = {0AFC1B6A-D8CE-4121-BA90-66E064FD8C70}
	EndGlobalSection
	GlobalSection(ExtensibilityGlobals) = postSolution
		SolutionGuid = {AD71C23C-049F-4E04-B5BA-70F4BE2918EF}
	EndGlobalSection
EndGlobal
